
Microsoft Visual Studio Solution File, Format Version 12.00
# Visual Studio Version 17
VisualStudioVersion = 17.8.34408.163
MinimumVisualStudioVersion = 10.0.40219.1
Project("{9A19103F-16F7-4668-BE54-9A1E7A4F7556}") = "M000", "M000\M000.csproj", "{6E7D2725-DB65-4AB8-B967-67480F00617C}"
EndProject
Project("{9A19103F-16F7-4668-BE54-9A1E7A4F7556}") = "M001", "M001\M001.csproj", "{DD9D1B88-75BA-422B-9E88-9A4BE06730CE}"
EndProject
Project("{9A19103F-16F7-4668-BE54-9A1E7A4F7556}") = "M002", "M002\M002.csproj", "{EB36F2CA-7C52-4D93-A271-526E8E5105B5}"
EndProject
Project("{9A19103F-16F7-4668-BE54-9A1E7A4F7556}") = "M003", "M003\M003.csproj", "{4A77E769-5A03-412B-9091-AFBABCC3F116}"
EndProject
Project("{2150E333-8FDC-42A3-9474-1A3956D46DE8}") = "Solution Items", "Solution Items", "{F94A6460-8CA9-4C7F-A150-28DC199526CE}"
	ProjectSection(SolutionItems) = preProject
		Shortcuts.txt = Shortcuts.txt
	EndProjectSection
EndProject
Project("{9A19103F-16F7-4668-BE54-9A1E7A4F7556}") = "M004", "M004\M004.csproj", "{98AE87D0-E686-4386-8CFC-8D1CA47E529E}"
EndProject
Project("{9A19103F-16F7-4668-BE54-9A1E7A4F7556}") = "M005", "M005\M005.csproj", "{17D90827-A5F7-48DE-B2E7-F6628A69045C}"
EndProject
Project("{FAE04EC0-301F-11D3-BF4B-00C04F79EFBC}") = "M006", "M006\M006.csproj", "{37CA857F-2D24-4889-8F0A-60D72C683CE2}"
EndProject
Global
	GlobalSection(SolutionConfigurationPlatforms) = preSolution
		Debug|Any CPU = Debug|Any CPU
		Release|Any CPU = Release|Any CPU
	EndGlobalSection
	GlobalSection(ProjectConfigurationPlatforms) = postSolution
		{6E7D2725-DB65-4AB8-B967-67480F00617C}.Debug|Any CPU.ActiveCfg = Debug|Any CPU
		{6E7D2725-DB65-4AB8-B967-67480F00617C}.Debug|Any CPU.Build.0 = Debug|Any CPU
		{6E7D2725-DB65-4AB8-B967-67480F00617C}.Release|Any CPU.ActiveCfg = Release|Any CPU
		{6E7D2725-DB65-4AB8-B967-67480F00617C}.Release|Any CPU.Build.0 = Release|Any CPU
		{DD9D1B88-75BA-422B-9E88-9A4BE06730CE}.Debug|Any CPU.ActiveCfg = Debug|Any CPU
		{DD9D1B88-75BA-422B-9E88-9A4BE06730CE}.Debug|Any CPU.Build.0 = Debug|Any CPU
		{DD9D1B88-75BA-422B-9E88-9A4BE06730CE}.Release|Any CPU.ActiveCfg = Release|Any CPU
		{DD9D1B88-75BA-422B-9E88-9A4BE06730CE}.Release|Any CPU.Build.0 = Release|Any CPU
		{EB36F2CA-7C52-4D93-A271-526E8E5105B5}.Debug|Any CPU.ActiveCfg = Debug|Any CPU
		{EB36F2CA-7C52-4D93-A271-526E8E5105B5}.Debug|Any CPU.Build.0 = Debug|Any CPU
		{EB36F2CA-7C52-4D93-A271-526E8E5105B5}.Release|Any CPU.ActiveCfg = Release|Any CPU
		{EB36F2CA-7C52-4D93-A271-526E8E5105B5}.Release|Any CPU.Build.0 = Release|Any CPU
		{4A77E769-5A03-412B-9091-AFBABCC3F116}.Debug|Any CPU.ActiveCfg = Debug|Any CPU
		{4A77E769-5A03-412B-9091-AFBABCC3F116}.Debug|Any CPU.Build.0 = Debug|Any CPU
		{4A77E769-5A03-412B-9091-AFBABCC3F116}.Release|Any CPU.ActiveCfg = Release|Any CPU
		{4A77E769-5A03-412B-9091-AFBABCC3F116}.Release|Any CPU.Build.0 = Release|Any CPU
		{98AE87D0-E686-4386-8CFC-8D1CA47E529E}.Debug|Any CPU.ActiveCfg = Debug|Any CPU
		{98AE87D0-E686-4386-8CFC-8D1CA47E529E}.Debug|Any CPU.Build.0 = Debug|Any CPU
		{98AE87D0-E686-4386-8CFC-8D1CA47E529E}.Release|Any CPU.ActiveCfg = Release|Any CPU
		{98AE87D0-E686-4386-8CFC-8D1CA47E529E}.Release|Any CPU.Build.0 = Release|Any CPU
		{17D90827-A5F7-48DE-B2E7-F6628A69045C}.Debug|Any CPU.ActiveCfg = Debug|Any CPU
		{17D90827-A5F7-48DE-B2E7-F6628A69045C}.Debug|Any CPU.Build.0 = Debug|Any CPU
		{17D90827-A5F7-48DE-B2E7-F6628A69045C}.Release|Any CPU.ActiveCfg = Release|Any CPU
		{17D90827-A5F7-48DE-B2E7-F6628A69045C}.Release|Any CPU.Build.0 = Release|Any CPU
		{37CA857F-2D24-4889-8F0A-60D72C683CE2}.Debug|Any CPU.ActiveCfg = Debug|Any CPU
		{37CA857F-2D24-4889-8F0A-60D72C683CE2}.Debug|Any CPU.Build.0 = Debug|Any CPU
		{37CA857F-2D24-4889-8F0A-60D72C683CE2}.Release|Any CPU.ActiveCfg = Release|Any CPU
		{37CA857F-2D24-4889-8F0A-60D72C683CE2}.Release|Any CPU.Build.0 = Release|Any CPU
	EndGlobalSection
	GlobalSection(SolutionProperties) = preSolution
		HideSolutionNode = FALSE
	EndGlobalSection
	GlobalSection(ExtensibilityGlobals) = postSolution
		SolutionGuid = {0632F85F-03BF-4605-B93F-05BE43ABD3A5}
	EndGlobalSection
EndGlobal
